// !$*UTF8*$!
{
	archiveVersion = 1;
	classes = {
	};
	objectVersion = 56;
	objects = {

/* Begin PBXBuildFile section */
		B3F21FB3C1BCCA544E0E93A8 /* Pods_CookingProject.framework in Frameworks */ = {isa = PBXBuildFile; fileRef = E23E9199F0D5227EAC6CBD2C /* Pods_CookingProject.framework */; };
		D00130722A154C72008070F7 /* DetailsViewController.swift in Sources */ = {isa = PBXBuildFile; fileRef = D00130702A154C72008070F7 /* DetailsViewController.swift */; };
		D00130732A154C72008070F7 /* DetailsViewController.xib in Resources */ = {isa = PBXBuildFile; fileRef = D00130712A154C72008070F7 /* DetailsViewController.xib */; };
		D00130792A161C20008070F7 /* FavoriteViewModel.swift in Sources */ = {isa = PBXBuildFile; fileRef = D00130782A161C20008070F7 /* FavoriteViewModel.swift */; };
		D001307C2A161C4E008070F7 /* FavoriteViewController.swift in Sources */ = {isa = PBXBuildFile; fileRef = D001307A2A161C4E008070F7 /* FavoriteViewController.swift */; };
		D001307D2A161C4E008070F7 /* FavoriteViewController.xib in Resources */ = {isa = PBXBuildFile; fileRef = D001307B2A161C4E008070F7 /* FavoriteViewController.xib */; };
		D001307F2A16315D008070F7 /* anime.json in Resources */ = {isa = PBXBuildFile; fileRef = D001307E2A16315D008070F7 /* anime.json */; };
		D002F7A22A16C0B10094B939 /* FavoriteDetailsViewController.swift in Sources */ = {isa = PBXBuildFile; fileRef = D002F7A02A16C0B10094B939 /* FavoriteDetailsViewController.swift */; };
		D002F7A32A16C0B10094B939 /* FavoriteDetailsViewController.xib in Resources */ = {isa = PBXBuildFile; fileRef = D002F7A12A16C0B10094B939 /* FavoriteDetailsViewController.xib */; };
		D04B55792A150A5900B7CAA8 /* TabbarViewController.swift in Sources */ = {isa = PBXBuildFile; fileRef = D04B55772A150A5900B7CAA8 /* TabbarViewController.swift */; };
		D04B557A2A150A5900B7CAA8 /* TabbarViewController.xib in Resources */ = {isa = PBXBuildFile; fileRef = D04B55782A150A5900B7CAA8 /* TabbarViewController.xib */; };
		D04B55812A150E5700B7CAA8 /* DetailsViewModel.swift in Sources */ = {isa = PBXBuildFile; fileRef = D04B55802A150E5700B7CAA8 /* DetailsViewModel.swift */; };
		D04B559B2A15303600B7CAA8 /* SettingsViewController.swift in Sources */ = {isa = PBXBuildFile; fileRef = D04B55992A15303600B7CAA8 /* SettingsViewController.swift */; };
		D04B559C2A15303600B7CAA8 /* SettingsViewController.xib in Resources */ = {isa = PBXBuildFile; fileRef = D04B559A2A15303600B7CAA8 /* SettingsViewController.xib */; };
		D081AE252A13EC3B00A609C0 /* ResponseModel.swift in Sources */ = {isa = PBXBuildFile; fileRef = D081AE242A13EC3B00A609C0 /* ResponseModel.swift */; };
		D081AE2C2A13F70600A609C0 /* HomeViewController.swift in Sources */ = {isa = PBXBuildFile; fileRef = D081AE2A2A13F70600A609C0 /* HomeViewController.swift */; };
		D081AE2D2A13F70600A609C0 /* HomeViewController.xib in Resources */ = {isa = PBXBuildFile; fileRef = D081AE2B2A13F70600A609C0 /* HomeViewController.xib */; };
		D081AE332A13FACF00A609C0 /* HomeViewModel.swift in Sources */ = {isa = PBXBuildFile; fileRef = D081AE322A13FACF00A609C0 /* HomeViewModel.swift */; };
		D081AE352A13FAEC00A609C0 /* ApiManager.swift in Sources */ = {isa = PBXBuildFile; fileRef = D081AE342A13FAEC00A609C0 /* ApiManager.swift */; };
		D081AE3B2A14E25D00A609C0 /* HomeViewCell.swift in Sources */ = {isa = PBXBuildFile; fileRef = D081AE392A14E25D00A609C0 /* HomeViewCell.swift */; };
		D081AE3C2A14E25D00A609C0 /* HomeViewCell.xib in Resources */ = {isa = PBXBuildFile; fileRef = D081AE3A2A14E25D00A609C0 /* HomeViewCell.xib */; };
		D0C9747D2A10FF5200FA5489 /* AppDelegate.swift in Sources */ = {isa = PBXBuildFile; fileRef = D0C9747C2A10FF5200FA5489 /* AppDelegate.swift */; };
		D0C9747F2A10FF5200FA5489 /* SceneDelegate.swift in Sources */ = {isa = PBXBuildFile; fileRef = D0C9747E2A10FF5200FA5489 /* SceneDelegate.swift */; };
		D0C974812A10FF5200FA5489 /* LoginViewController.swift in Sources */ = {isa = PBXBuildFile; fileRef = D0C974802A10FF5200FA5489 /* LoginViewController.swift */; };
		D0C974842A10FF5200FA5489 /* Login.storyboard in Resources */ = {isa = PBXBuildFile; fileRef = D0C974822A10FF5200FA5489 /* Login.storyboard */; };
		D0C974862A10FF5500FA5489 /* Assets.xcassets in Resources */ = {isa = PBXBuildFile; fileRef = D0C974852A10FF5500FA5489 /* Assets.xcassets */; };
		D0C974892A10FF5500FA5489 /* LaunchScreen.storyboard in Resources */ = {isa = PBXBuildFile; fileRef = D0C974872A10FF5500FA5489 /* LaunchScreen.storyboard */; };
		D0C974912A11002400FA5489 /* GoogleService-Info.plist in Resources */ = {isa = PBXBuildFile; fileRef = D0C974902A11002400FA5489 /* GoogleService-Info.plist */; };
		D0C974932A1107A000FA5489 /* LoginViewModel.swift in Sources */ = {isa = PBXBuildFile; fileRef = D0C974922A1107A000FA5489 /* LoginViewModel.swift */; };
/* End PBXBuildFile section */

/* Begin PBXFileReference section */
		391DE0D72206ABBDBF2216AC /* Pods-CookingProject.release.xcconfig */ = {isa = PBXFileReference; includeInIndex = 1; lastKnownFileType = text.xcconfig; name = "Pods-CookingProject.release.xcconfig"; path = "Target Support Files/Pods-CookingProject/Pods-CookingProject.release.xcconfig"; sourceTree = "<group>"; };
		91829A29D77C371F3C729BC8 /* Pods-CookingProject.debug.xcconfig */ = {isa = PBXFileReference; includeInIndex = 1; lastKnownFileType = text.xcconfig; name = "Pods-CookingProject.debug.xcconfig"; path = "Target Support Files/Pods-CookingProject/Pods-CookingProject.debug.xcconfig"; sourceTree = "<group>"; };
		D00130702A154C72008070F7 /* DetailsViewController.swift */ = {isa = PBXFileReference; lastKnownFileType = sourcecode.swift; path = DetailsViewController.swift; sourceTree = "<group>"; };
		D00130712A154C72008070F7 /* DetailsViewController.xib */ = {isa = PBXFileReference; lastKnownFileType = file.xib; path = DetailsViewController.xib; sourceTree = "<group>"; };
		D00130782A161C20008070F7 /* FavoriteViewModel.swift */ = {isa = PBXFileReference; lastKnownFileType = sourcecode.swift; path = FavoriteViewModel.swift; sourceTree = "<group>"; };
		D001307A2A161C4E008070F7 /* FavoriteViewController.swift */ = {isa = PBXFileReference; lastKnownFileType = sourcecode.swift; path = FavoriteViewController.swift; sourceTree = "<group>"; };
		D001307B2A161C4E008070F7 /* FavoriteViewController.xib */ = {isa = PBXFileReference; lastKnownFileType = file.xib; path = FavoriteViewController.xib; sourceTree = "<group>"; };
		D001307E2A16315D008070F7 /* anime.json */ = {isa = PBXFileReference; fileEncoding = 4; lastKnownFileType = text.json; path = anime.json; sourceTree = "<group>"; };
		D002F7A02A16C0B10094B939 /* FavoriteDetailsViewController.swift */ = {isa = PBXFileReference; lastKnownFileType = sourcecode.swift; path = FavoriteDetailsViewController.swift; sourceTree = "<group>"; };
		D002F7A12A16C0B10094B939 /* FavoriteDetailsViewController.xib */ = {isa = PBXFileReference; lastKnownFileType = file.xib; path = FavoriteDetailsViewController.xib; sourceTree = "<group>"; };
		D04B55772A150A5900B7CAA8 /* TabbarViewController.swift */ = {isa = PBXFileReference; lastKnownFileType = sourcecode.swift; path = TabbarViewController.swift; sourceTree = "<group>"; };
		D04B55782A150A5900B7CAA8 /* TabbarViewController.xib */ = {isa = PBXFileReference; lastKnownFileType = file.xib; path = TabbarViewController.xib; sourceTree = "<group>"; };
		D04B55802A150E5700B7CAA8 /* DetailsViewModel.swift */ = {isa = PBXFileReference; lastKnownFileType = sourcecode.swift; path = DetailsViewModel.swift; sourceTree = "<group>"; };
		D04B55992A15303600B7CAA8 /* SettingsViewController.swift */ = {isa = PBXFileReference; lastKnownFileType = sourcecode.swift; path = SettingsViewController.swift; sourceTree = "<group>"; };
		D04B559A2A15303600B7CAA8 /* SettingsViewController.xib */ = {isa = PBXFileReference; lastKnownFileType = file.xib; path = SettingsViewController.xib; sourceTree = "<group>"; };
		D081AE242A13EC3B00A609C0 /* ResponseModel.swift */ = {isa = PBXFileReference; lastKnownFileType = sourcecode.swift; path = ResponseModel.swift; sourceTree = "<group>"; };
		D081AE2A2A13F70600A609C0 /* HomeViewController.swift */ = {isa = PBXFileReference; lastKnownFileType = sourcecode.swift; path = HomeViewController.swift; sourceTree = "<group>"; };
		D081AE2B2A13F70600A609C0 /* HomeViewController.xib */ = {isa = PBXFileReference; lastKnownFileType = file.xib; path = HomeViewController.xib; sourceTree = "<group>"; };
		D081AE322A13FACF00A609C0 /* HomeViewModel.swift */ = {isa = PBXFileReference; lastKnownFileType = sourcecode.swift; path = HomeViewModel.swift; sourceTree = "<group>"; };
		D081AE342A13FAEC00A609C0 /* ApiManager.swift */ = {isa = PBXFileReference; lastKnownFileType = sourcecode.swift; path = ApiManager.swift; sourceTree = "<group>"; };
		D081AE392A14E25D00A609C0 /* HomeViewCell.swift */ = {isa = PBXFileReference; lastKnownFileType = sourcecode.swift; path = HomeViewCell.swift; sourceTree = "<group>"; };
		D081AE3A2A14E25D00A609C0 /* HomeViewCell.xib */ = {isa = PBXFileReference; lastKnownFileType = file.xib; path = HomeViewCell.xib; sourceTree = "<group>"; };
		D0C974792A10FF5200FA5489 /* CookingProject.app */ = {isa = PBXFileReference; explicitFileType = wrapper.application; includeInIndex = 0; path = CookingProject.app; sourceTree = BUILT_PRODUCTS_DIR; };
		D0C9747C2A10FF5200FA5489 /* AppDelegate.swift */ = {isa = PBXFileReference; lastKnownFileType = sourcecode.swift; path = AppDelegate.swift; sourceTree = "<group>"; };
		D0C9747E2A10FF5200FA5489 /* SceneDelegate.swift */ = {isa = PBXFileReference; lastKnownFileType = sourcecode.swift; path = SceneDelegate.swift; sourceTree = "<group>"; };
		D0C974802A10FF5200FA5489 /* LoginViewController.swift */ = {isa = PBXFileReference; lastKnownFileType = sourcecode.swift; path = LoginViewController.swift; sourceTree = "<group>"; };
		D0C974832A10FF5200FA5489 /* Base */ = {isa = PBXFileReference; lastKnownFileType = file.storyboard; name = Base; path = Base.lproj/Login.storyboard; sourceTree = "<group>"; };
		D0C974852A10FF5500FA5489 /* Assets.xcassets */ = {isa = PBXFileReference; lastKnownFileType = folder.assetcatalog; path = Assets.xcassets; sourceTree = "<group>"; };
		D0C974882A10FF5500FA5489 /* Base */ = {isa = PBXFileReference; lastKnownFileType = file.storyboard; name = Base; path = Base.lproj/LaunchScreen.storyboard; sourceTree = "<group>"; };
		D0C9748A2A10FF5500FA5489 /* Info.plist */ = {isa = PBXFileReference; lastKnownFileType = text.plist.xml; path = Info.plist; sourceTree = "<group>"; };
		D0C974902A11002400FA5489 /* GoogleService-Info.plist */ = {isa = PBXFileReference; fileEncoding = 4; lastKnownFileType = text.plist.xml; path = "GoogleService-Info.plist"; sourceTree = "<group>"; };
		D0C974922A1107A000FA5489 /* LoginViewModel.swift */ = {isa = PBXFileReference; lastKnownFileType = sourcecode.swift; path = LoginViewModel.swift; sourceTree = "<group>"; };
		E23E9199F0D5227EAC6CBD2C /* Pods_CookingProject.framework */ = {isa = PBXFileReference; explicitFileType = wrapper.framework; includeInIndex = 0; path = Pods_CookingProject.framework; sourceTree = BUILT_PRODUCTS_DIR; };
/* End PBXFileReference section */

/* Begin PBXFrameworksBuildPhase section */
		D0C974762A10FF5200FA5489 /* Frameworks */ = {
			isa = PBXFrameworksBuildPhase;
			buildActionMask = 2147483647;
			files = (
				B3F21FB3C1BCCA544E0E93A8 /* Pods_CookingProject.framework in Frameworks */,
			);
			runOnlyForDeploymentPostprocessing = 0;
		};
/* End PBXFrameworksBuildPhase section */

/* Begin PBXGroup section */
		319546555D67003E5EB56636 /* Pods */ = {
			isa = PBXGroup;
			children = (
				91829A29D77C371F3C729BC8 /* Pods-CookingProject.debug.xcconfig */,
				391DE0D72206ABBDBF2216AC /* Pods-CookingProject.release.xcconfig */,
			);
			path = Pods;
			sourceTree = "<group>";
		};
		B84C1CBFCD44F9A016994C0F /* Frameworks */ = {
			isa = PBXGroup;
			children = (
				E23E9199F0D5227EAC6CBD2C /* Pods_CookingProject.framework */,
			);
			name = Frameworks;
			sourceTree = "<group>";
		};
		D00130802A163BC6008070F7 /* Screens */ = {
			isa = PBXGroup;
			children = (
				D0C974952A11137800FA5489 /* Login */,
				D081AE382A14200F00A609C0 /* Home */,
				D04B557F2A150BCC00B7CAA8 /* Details */,
				D04B558F2A152B8200B7CAA8 /* Settings */,
				D04B55942A152C4100B7CAA8 /* Favorite */,
				D04B558A2A15224D00B7CAA8 /* Tabbar */,
			);
			path = Screens;
			sourceTree = "<group>";
		};
		D00130812A163C5C008070F7 /* Shared */ = {
			isa = PBXGroup;
			children = (
				D081AE362A141FE200A609C0 /* Manager */,
				D081AE372A141FFE00A609C0 /* Model */,
			);
			path = Shared;
			sourceTree = "<group>";
		};
		D04B557F2A150BCC00B7CAA8 /* Details */ = {
			isa = PBXGroup;
			children = (
				D04B55802A150E5700B7CAA8 /* DetailsViewModel.swift */,
				D00130702A154C72008070F7 /* DetailsViewController.swift */,
				D00130712A154C72008070F7 /* DetailsViewController.xib */,
			);
			path = Details;
			sourceTree = "<group>";
		};
		D04B558A2A15224D00B7CAA8 /* Tabbar */ = {
			isa = PBXGroup;
			children = (
				D04B55772A150A5900B7CAA8 /* TabbarViewController.swift */,
				D04B55782A150A5900B7CAA8 /* TabbarViewController.xib */,
			);
			path = Tabbar;
			sourceTree = "<group>";
		};
		D04B558F2A152B8200B7CAA8 /* Settings */ = {
			isa = PBXGroup;
			children = (
				D04B55992A15303600B7CAA8 /* SettingsViewController.swift */,
				D04B559A2A15303600B7CAA8 /* SettingsViewController.xib */,
			);
			path = Settings;
			sourceTree = "<group>";
		};
		D04B55942A152C4100B7CAA8 /* Favorite */ = {
			isa = PBXGroup;
			children = (
				D00130782A161C20008070F7 /* FavoriteViewModel.swift */,
				D001307A2A161C4E008070F7 /* FavoriteViewController.swift */,
				D002F7A02A16C0B10094B939 /* FavoriteDetailsViewController.swift */,
				D002F7A12A16C0B10094B939 /* FavoriteDetailsViewController.xib */,
				D001307B2A161C4E008070F7 /* FavoriteViewController.xib */,
			);
			path = Favorite;
			sourceTree = "<group>";
		};
		D081AE362A141FE200A609C0 /* Manager */ = {
			isa = PBXGroup;
			children = (
				D081AE342A13FAEC00A609C0 /* ApiManager.swift */,
			);
			path = Manager;
			sourceTree = "<group>";
		};
		D081AE372A141FFE00A609C0 /* Model */ = {
			isa = PBXGroup;
			children = (
				D081AE242A13EC3B00A609C0 /* ResponseModel.swift */,
			);
			path = Model;
			sourceTree = "<group>";
		};
		D081AE382A14200F00A609C0 /* Home */ = {
			isa = PBXGroup;
			children = (
				D081AE392A14E25D00A609C0 /* HomeViewCell.swift */,
				D081AE3A2A14E25D00A609C0 /* HomeViewCell.xib */,
				D081AE2A2A13F70600A609C0 /* HomeViewController.swift */,
				D081AE2B2A13F70600A609C0 /* HomeViewController.xib */,
				D081AE322A13FACF00A609C0 /* HomeViewModel.swift */,
			);
			path = Home;
			sourceTree = "<group>";
		};
		D0C974702A10FF5200FA5489 = {
			isa = PBXGroup;
			children = (
				D0C9747B2A10FF5200FA5489 /* CookingProject */,
				D0C9747A2A10FF5200FA5489 /* Products */,
				319546555D67003E5EB56636 /* Pods */,
				B84C1CBFCD44F9A016994C0F /* Frameworks */,
			);
			sourceTree = "<group>";
		};
		D0C9747A2A10FF5200FA5489 /* Products */ = {
			isa = PBXGroup;
			children = (
				D0C974792A10FF5200FA5489 /* CookingProject.app */,
			);
			name = Products;
			sourceTree = "<group>";
		};
		D0C9747B2A10FF5200FA5489 /* CookingProject */ = {
			isa = PBXGroup;
			children = (
				D001307E2A16315D008070F7 /* anime.json */,
				D0C974902A11002400FA5489 /* GoogleService-Info.plist */,
				D0C9748A2A10FF5500FA5489 /* Info.plist */,
				D0C974852A10FF5500FA5489 /* Assets.xcassets */,
				D0C974872A10FF5500FA5489 /* LaunchScreen.storyboard */,
				D0C974942A11133400FA5489 /* AppDelegate */,
				D00130802A163BC6008070F7 /* Screens */,
				D00130812A163C5C008070F7 /* Shared */,
			);
			path = CookingProject;
			sourceTree = "<group>";
		};
		D0C974942A11133400FA5489 /* AppDelegate */ = {
			isa = PBXGroup;
			children = (
				D0C9747C2A10FF5200FA5489 /* AppDelegate.swift */,
				D0C9747E2A10FF5200FA5489 /* SceneDelegate.swift */,
			);
			path = AppDelegate;
			sourceTree = "<group>";
		};
		D0C974952A11137800FA5489 /* Login */ = {
			isa = PBXGroup;
			children = (
				D0C974802A10FF5200FA5489 /* LoginViewController.swift */,
				D0C974922A1107A000FA5489 /* LoginViewModel.swift */,
				D0C974822A10FF5200FA5489 /* Login.storyboard */,
			);
			path = Login;
			sourceTree = "<group>";
		};
/* End PBXGroup section */

/* Begin PBXNativeTarget section */
		D0C974782A10FF5200FA5489 /* CookingProject */ = {
			isa = PBXNativeTarget;
			buildConfigurationList = D0C9748D2A10FF5500FA5489 /* Build configuration list for PBXNativeTarget "CookingProject" */;
			buildPhases = (
				13149AD99198DC37DEFFA42B /* [CP] Check Pods Manifest.lock */,
				D0C974752A10FF5200FA5489 /* Sources */,
				D0C974762A10FF5200FA5489 /* Frameworks */,
				D0C974772A10FF5200FA5489 /* Resources */,
				518A72C84A3D40453FF60BBD /* [CP] Embed Pods Frameworks */,
			);
			buildRules = (
			);
			dependencies = (
			);
			name = CookingProject;
			productName = CookingProject;
			productReference = D0C974792A10FF5200FA5489 /* CookingProject.app */;
			productType = "com.apple.product-type.application";
		};
/* End PBXNativeTarget section */

/* Begin PBXProject section */
		D0C974712A10FF5200FA5489 /* Project object */ = {
			isa = PBXProject;
			attributes = {
				BuildIndependentTargetsInParallel = 1;
				LastSwiftUpdateCheck = 1420;
				LastUpgradeCheck = 1420;
				TargetAttributes = {
					D0C974782A10FF5200FA5489 = {
						CreatedOnToolsVersion = 14.2;
					};
				};
			};
			buildConfigurationList = D0C974742A10FF5200FA5489 /* Build configuration list for PBXProject "CookingProject" */;
			compatibilityVersion = "Xcode 14.0";
			developmentRegion = en;
			hasScannedForEncodings = 0;
			knownRegions = (
				en,
				Base,
			);
			mainGroup = D0C974702A10FF5200FA5489;
			productRefGroup = D0C9747A2A10FF5200FA5489 /* Products */;
			projectDirPath = "";
			projectRoot = "";
			targets = (
				D0C974782A10FF5200FA5489 /* CookingProject */,
			);
		};
/* End PBXProject section */

/* Begin PBXResourcesBuildPhase section */
		D0C974772A10FF5200FA5489 /* Resources */ = {
			isa = PBXResourcesBuildPhase;
			buildActionMask = 2147483647;
			files = (
				D0C974892A10FF5500FA5489 /* LaunchScreen.storyboard in Resources */,
				D0C974912A11002400FA5489 /* GoogleService-Info.plist in Resources */,
				D081AE2D2A13F70600A609C0 /* HomeViewController.xib in Resources */,
				D081AE3C2A14E25D00A609C0 /* HomeViewCell.xib in Resources */,
				D04B557A2A150A5900B7CAA8 /* TabbarViewController.xib in Resources */,
				D002F7A32A16C0B10094B939 /* FavoriteDetailsViewController.xib in Resources */,
				D0C974862A10FF5500FA5489 /* Assets.xcassets in Resources */,
				D0C974842A10FF5200FA5489 /* Login.storyboard in Resources */,
				D001307F2A16315D008070F7 /* anime.json in Resources */,
				D00130732A154C72008070F7 /* DetailsViewController.xib in Resources */,
				D001307D2A161C4E008070F7 /* FavoriteViewController.xib in Resources */,
				D04B559C2A15303600B7CAA8 /* SettingsViewController.xib in Resources */,
			);
			runOnlyForDeploymentPostprocessing = 0;
		};
/* End PBXResourcesBuildPhase section */

/* Begin PBXShellScriptBuildPhase section */
		13149AD99198DC37DEFFA42B /* [CP] Check Pods Manifest.lock */ = {
			isa = PBXShellScriptBuildPhase;
			buildActionMask = 2147483647;
			files = (
			);
			inputFileListPaths = (
			);
			inputPaths = (
				"${PODS_PODFILE_DIR_PATH}/Podfile.lock",
				"${PODS_ROOT}/Manifest.lock",
			);
			name = "[CP] Check Pods Manifest.lock";
			outputFileListPaths = (
			);
			outputPaths = (
				"$(DERIVED_FILE_DIR)/Pods-CookingProject-checkManifestLockResult.txt",
			);
			runOnlyForDeploymentPostprocessing = 0;
			shellPath = /bin/sh;
			shellScript = "diff \"${PODS_PODFILE_DIR_PATH}/Podfile.lock\" \"${PODS_ROOT}/Manifest.lock\" > /dev/null\nif [ $? != 0 ] ; then\n    # print error to STDERR\n    echo \"error: The sandbox is not in sync with the Podfile.lock. Run 'pod install' or update your CocoaPods installation.\" >&2\n    exit 1\nfi\n# This output is used by Xcode 'outputs' to avoid re-running this script phase.\necho \"SUCCESS\" > \"${SCRIPT_OUTPUT_FILE_0}\"\n";
			showEnvVarsInLog = 0;
		};
		518A72C84A3D40453FF60BBD /* [CP] Embed Pods Frameworks */ = {
			isa = PBXShellScriptBuildPhase;
			buildActionMask = 2147483647;
			files = (
			);
			inputFileListPaths = (
				"${PODS_ROOT}/Target Support Files/Pods-CookingProject/Pods-CookingProject-frameworks-${CONFIGURATION}-input-files.xcfilelist",
			);
			name = "[CP] Embed Pods Frameworks";
			outputFileListPaths = (
				"${PODS_ROOT}/Target Support Files/Pods-CookingProject/Pods-CookingProject-frameworks-${CONFIGURATION}-output-files.xcfilelist",
			);
			runOnlyForDeploymentPostprocessing = 0;
			shellPath = /bin/sh;
			shellScript = "\"${PODS_ROOT}/Target Support Files/Pods-CookingProject/Pods-CookingProject-frameworks.sh\"\n";
			showEnvVarsInLog = 0;
		};
/* End PBXShellScriptBuildPhase section */

/* Begin PBXSourcesBuildPhase section */
		D0C974752A10FF5200FA5489 /* Sources */ = {
			isa = PBXSourcesBuildPhase;
			buildActionMask = 2147483647;
			files = (
				D0C974932A1107A000FA5489 /* LoginViewModel.swift in Sources */,
				D081AE352A13FAEC00A609C0 /* ApiManager.swift in Sources */,
				D0C974812A10FF5200FA5489 /* LoginViewController.swift in Sources */,
				D00130792A161C20008070F7 /* FavoriteViewModel.swift in Sources */,
				D001307C2A161C4E008070F7 /* FavoriteViewController.swift in Sources */,
				D081AE332A13FACF00A609C0 /* HomeViewModel.swift in Sources */,
				D0C9747D2A10FF5200FA5489 /* AppDelegate.swift in Sources */,
				D081AE252A13EC3B00A609C0 /* ResponseModel.swift in Sources */,
				D0C9747F2A10FF5200FA5489 /* SceneDelegate.swift in Sources */,
				D081AE2C2A13F70600A609C0 /* HomeViewController.swift in Sources */,
				D04B55792A150A5900B7CAA8 /* TabbarViewController.swift in Sources */,
				D002F7A22A16C0B10094B939 /* FavoriteDetailsViewController.swift in Sources */,
				D04B559B2A15303600B7CAA8 /* SettingsViewController.swift in Sources */,
				D00130722A154C72008070F7 /* DetailsViewController.swift in Sources */,
				D081AE3B2A14E25D00A609C0 /* HomeViewCell.swift in Sources */,
				D04B55812A150E5700B7CAA8 /* DetailsViewModel.swift in Sources */,
			);
			runOnlyForDeploymentPostprocessing = 0;
		};
/* End PBXSourcesBuildPhase section */

/* Begin PBXVariantGroup section */
		D0C974822A10FF5200FA5489 /* Login.storyboard */ = {
			isa = PBXVariantGroup;
			children = (
				D0C974832A10FF5200FA5489 /* Base */,
			);
			name = Login.storyboard;
			sourceTree = "<group>";
		};
		D0C974872A10FF5500FA5489 /* LaunchScreen.storyboard */ = {
			isa = PBXVariantGroup;
			children = (
				D0C974882A10FF5500FA5489 /* Base */,
			);
			name = LaunchScreen.storyboard;
			sourceTree = "<group>";
		};
/* End PBXVariantGroup section */

/* Begin XCBuildConfiguration section */
		D0C9748B2A10FF5500FA5489 /* Debug */ = {
			isa = XCBuildConfiguration;
			buildSettings = {
				ALWAYS_SEARCH_USER_PATHS = NO;
				CLANG_ANALYZER_NONNULL = YES;
				CLANG_ANALYZER_NUMBER_OBJECT_CONVERSION = YES_AGGRESSIVE;
				CLANG_CXX_LANGUAGE_STANDARD = "gnu++20";
				CLANG_ENABLE_MODULES = YES;
				CLANG_ENABLE_OBJC_ARC = YES;
				CLANG_ENABLE_OBJC_WEAK = YES;
				CLANG_WARN_BLOCK_CAPTURE_AUTORELEASING = YES;
				CLANG_WARN_BOOL_CONVERSION = YES;
				CLANG_WARN_COMMA = YES;
				CLANG_WARN_CONSTANT_CONVERSION = YES;
				CLANG_WARN_DEPRECATED_OBJC_IMPLEMENTATIONS = YES;
				CLANG_WARN_DIRECT_OBJC_ISA_USAGE = YES_ERROR;
				CLANG_WARN_DOCUMENTATION_COMMENTS = YES;
				CLANG_WARN_EMPTY_BODY = YES;
				CLANG_WARN_ENUM_CONVERSION = YES;
				CLANG_WARN_INFINITE_RECURSION = YES;
				CLANG_WARN_INT_CONVERSION = YES;
				CLANG_WARN_NON_LITERAL_NULL_CONVERSION = YES;
				CLANG_WARN_OBJC_IMPLICIT_RETAIN_SELF = YES;
				CLANG_WARN_OBJC_LITERAL_CONVERSION = YES;
				CLANG_WARN_OBJC_ROOT_CLASS = YES_ERROR;
				CLANG_WARN_QUOTED_INCLUDE_IN_FRAMEWORK_HEADER = YES;
				CLANG_WARN_RANGE_LOOP_ANALYSIS = YES;
				CLANG_WARN_STRICT_PROTOTYPES = YES;
				CLANG_WARN_SUSPICIOUS_MOVE = YES;
				CLANG_WARN_UNGUARDED_AVAILABILITY = YES_AGGRESSIVE;
				CLANG_WARN_UNREACHABLE_CODE = YES;
				CLANG_WARN__DUPLICATE_METHOD_MATCH = YES;
				COPY_PHASE_STRIP = NO;
				DEBUG_INFORMATION_FORMAT = dwarf;
				ENABLE_STRICT_OBJC_MSGSEND = YES;
				ENABLE_TESTABILITY = YES;
				GCC_C_LANGUAGE_STANDARD = gnu11;
				GCC_DYNAMIC_NO_PIC = NO;
				GCC_NO_COMMON_BLOCKS = YES;
				GCC_OPTIMIZATION_LEVEL = 0;
				GCC_PREPROCESSOR_DEFINITIONS = (
					"DEBUG=1",
					"$(inherited)",
				);
				GCC_WARN_64_TO_32_BIT_CONVERSION = YES;
				GCC_WARN_ABOUT_RETURN_TYPE = YES_ERROR;
				GCC_WARN_UNDECLARED_SELECTOR = YES;
				GCC_WARN_UNINITIALIZED_AUTOS = YES_AGGRESSIVE;
				GCC_WARN_UNUSED_FUNCTION = YES;
				GCC_WARN_UNUSED_VARIABLE = YES;
				IPHONEOS_DEPLOYMENT_TARGET = 16.2;
				MTL_ENABLE_DEBUG_INFO = INCLUDE_SOURCE;
				MTL_FAST_MATH = YES;
				ONLY_ACTIVE_ARCH = YES;
				SDKROOT = iphoneos;
				SWIFT_ACTIVE_COMPILATION_CONDITIONS = DEBUG;
				SWIFT_OPTIMIZATION_LEVEL = "-Onone";
			};
			name = Debug;
		};
		D0C9748C2A10FF5500FA5489 /* Release */ = {
			isa = XCBuildConfiguration;
			buildSettings = {
				ALWAYS_SEARCH_USER_PATHS = NO;
				CLANG_ANALYZER_NONNULL = YES;
				CLANG_ANALYZER_NUMBER_OBJECT_CONVERSION = YES_AGGRESSIVE;
				CLANG_CXX_LANGUAGE_STANDARD = "gnu++20";
				CLANG_ENABLE_MODULES = YES;
				CLANG_ENABLE_OBJC_ARC = YES;
				CLANG_ENABLE_OBJC_WEAK = YES;
				CLANG_WARN_BLOCK_CAPTURE_AUTORELEASING = YES;
				CLANG_WARN_BOOL_CONVERSION = YES;
				CLANG_WARN_COMMA = YES;
				CLANG_WARN_CONSTANT_CONVERSION = YES;
				CLANG_WARN_DEPRECATED_OBJC_IMPLEMENTATIONS = YES;
				CLANG_WARN_DIRECT_OBJC_ISA_USAGE = YES_ERROR;
				CLANG_WARN_DOCUMENTATION_COMMENTS = YES;
				CLANG_WARN_EMPTY_BODY = YES;
				CLANG_WARN_ENUM_CONVERSION = YES;
				CLANG_WARN_INFINITE_RECURSION = YES;
				CLANG_WARN_INT_CONVERSION = YES;
				CLANG_WARN_NON_LITERAL_NULL_CONVERSION = YES;
				CLANG_WARN_OBJC_IMPLICIT_RETAIN_SELF = YES;
				CLANG_WARN_OBJC_LITERAL_CONVERSION = YES;
				CLANG_WARN_OBJC_ROOT_CLASS = YES_ERROR;
				CLANG_WARN_QUOTED_INCLUDE_IN_FRAMEWORK_HEADER = YES;
				CLANG_WARN_RANGE_LOOP_ANALYSIS = YES;
				CLANG_WARN_STRICT_PROTOTYPES = YES;
				CLANG_WARN_SUSPICIOUS_MOVE = YES;
				CLANG_WARN_UNGUARDED_AVAILABILITY = YES_AGGRESSIVE;
				CLANG_WARN_UNREACHABLE_CODE = YES;
				CLANG_WARN__DUPLICATE_METHOD_MATCH = YES;
				COPY_PHASE_STRIP = NO;
				DEBUG_INFORMATION_FORMAT = "dwarf-with-dsym";
				ENABLE_NS_ASSERTIONS = NO;
				ENABLE_STRICT_OBJC_MSGSEND = YES;
				GCC_C_LANGUAGE_STANDARD = gnu11;
				GCC_NO_COMMON_BLOCKS = YES;
				GCC_WARN_64_TO_32_BIT_CONVERSION = YES;
				GCC_WARN_ABOUT_RETURN_TYPE = YES_ERROR;
				GCC_WARN_UNDECLARED_SELECTOR = YES;
				GCC_WARN_UNINITIALIZED_AUTOS = YES_AGGRESSIVE;
				GCC_WARN_UNUSED_FUNCTION = YES;
				GCC_WARN_UNUSED_VARIABLE = YES;
				IPHONEOS_DEPLOYMENT_TARGET = 16.2;
				MTL_ENABLE_DEBUG_INFO = NO;
				MTL_FAST_MATH = YES;
				SDKROOT = iphoneos;
				SWIFT_COMPILATION_MODE = wholemodule;
				SWIFT_OPTIMIZATION_LEVEL = "-O";
				VALIDATE_PRODUCT = YES;
			};
			name = Release;
		};
		D0C9748E2A10FF5500FA5489 /* Debug */ = {
			isa = XCBuildConfiguration;
			baseConfigurationReference = 91829A29D77C371F3C729BC8 /* Pods-CookingProject.debug.xcconfig */;
			buildSettings = {
				ASSETCATALOG_COMPILER_APPICON_NAME = AppIcon;
				ASSETCATALOG_COMPILER_GLOBAL_ACCENT_COLOR_NAME = AccentColor;
				CODE_SIGN_STYLE = Automatic;
				CURRENT_PROJECT_VERSION = 2;
				DEVELOPMENT_TEAM = PFSK5S8HA5;
				GENERATE_INFOPLIST_FILE = YES;
				INFOPLIST_FILE = CookingProject/Info.plist;
				INFOPLIST_KEY_UIApplicationSupportsIndirectInputEvents = YES;
				INFOPLIST_KEY_UILaunchStoryboardName = LaunchScreen;
				INFOPLIST_KEY_UIMainStoryboardFile = Login;
				INFOPLIST_KEY_UISupportedInterfaceOrientations_iPad = "UIInterfaceOrientationPortrait UIInterfaceOrientationPortraitUpsideDown UIInterfaceOrientationLandscapeLeft UIInterfaceOrientationLandscapeRight";
				INFOPLIST_KEY_UISupportedInterfaceOrientations_iPhone = "UIInterfaceOrientationPortrait UIInterfaceOrientationLandscapeLeft UIInterfaceOrientationLandscapeRight";
				IPHONEOS_DEPLOYMENT_TARGET = 13.0;
				LD_RUNPATH_SEARCH_PATHS = (
					"$(inherited)",
					"@executable_path/Frameworks",
				);
				MARKETING_VERSION = 1.0.0;
				PRODUCT_BUNDLE_IDENTIFIER = com.dogukanozer.CookingProject;
				PRODUCT_NAME = "$(TARGET_NAME)";
				SWIFT_EMIT_LOC_STRINGS = YES;
				SWIFT_VERSION = 5.0;
				TARGETED_DEVICE_FAMILY = "1,2";
			};
			name = Debug;
		};
		D0C9748F2A10FF5500FA5489 /* Release */ = {
			isa = XCBuildConfiguration;
			baseConfigurationReference = 391DE0D72206ABBDBF2216AC /* Pods-CookingProject.release.xcconfig */;
			buildSettings = {
				ASSETCATALOG_COMPILER_APPICON_NAME = AppIcon;
				ASSETCATALOG_COMPILER_GLOBAL_ACCENT_COLOR_NAME = AccentColor;
				CODE_SIGN_STYLE = Automatic;
				CURRENT_PROJECT_VERSION = 2;
				DEVELOPMENT_TEAM = PFSK5S8HA5;
				GENERATE_INFOPLIST_FILE = YES;
				INFOPLIST_FILE = CookingProject/Info.plist;
				INFOPLIST_KEY_UIApplicationSupportsIndirectInputEvents = YES;
				INFOPLIST_KEY_UILaunchStoryboardName = LaunchScreen;
				INFOPLIST_KEY_UIMainStoryboardFile = Login;
				INFOPLIST_KEY_UISupportedInterfaceOrientations_iPad = "UIInterfaceOrientationPortrait UIInterfaceOrientationPortraitUpsideDown UIInterfaceOrientationLandscapeLeft UIInterfaceOrientationLandscapeRight";
				INFOPLIST_KEY_UISupportedInterfaceOrientations_iPhone = "UIInterfaceOrientationPortrait UIInterfaceOrientationLandscapeLeft UIInterfaceOrientationLandscapeRight";
				IPHONEOS_DEPLOYMENT_TARGET = 13.0;
				LD_RUNPATH_SEARCH_PATHS = (
					"$(inherited)",
					"@executable_path/Frameworks",
				);
				MARKETING_VERSION = 1.0.0;
				PRODUCT_BUNDLE_IDENTIFIER = com.dogukanozer.CookingProject;
				PRODUCT_NAME = "$(TARGET_NAME)";
				SWIFT_EMIT_LOC_STRINGS = YES;
				SWIFT_VERSION = 5.0;
				TARGETED_DEVICE_FAMILY = "1,2";
			};
			name = Release;
		};
/* End XCBuildConfiguration section */

/* Begin XCConfigurationList section */
		D0C974742A10FF5200FA5489 /* Build configuration list for PBXProject "CookingProject" */ = {
			isa = XCConfigurationList;
			buildConfigurations = (
				D0C9748B2A10FF5500FA5489 /* Debug */,
				D0C9748C2A10FF5500FA5489 /* Release */,
			);
			defaultConfigurationIsVisible = 0;
			defaultConfigurationName = Release;
		};
		D0C9748D2A10FF5500FA5489 /* Build configuration list for PBXNativeTarget "CookingProject" */ = {
			isa = XCConfigurationList;
			buildConfigurations = (
				D0C9748E2A10FF5500FA5489 /* Debug */,
				D0C9748F2A10FF5500FA5489 /* Release */,
			);
			defaultConfigurationIsVisible = 0;
			defaultConfigurationName = Release;
		};
/* End XCConfigurationList section */
	};
	rootObject = D0C974712A10FF5200FA5489 /* Project object */;
}
